
Microsoft Visual Studio Solution File, Format Version 12.00
# Visual Studio 2012
Project("{8BC9CEB8-8B4A-11D0-8D11-00A0C91BC942}") = "MFCFigure", "MFCFigure\MFCFigure.vcxproj", "{734895E6-51E7-4E43-BC84-C908F47E42FB}"
EndProject
Global
	GlobalSection(SolutionConfigurationPlatforms) = preSolution
		Debug|Win32 = Debug|Win32
		Release|Win32 = Release|Win32
	EndGlobalSection
	GlobalSection(ProjectConfigurationPlatforms) = postSolution
		{734895E6-51E7-4E43-BC84-C908F47E42FB}.Debug|Win32.ActiveCfg = Debug|Win32
		{734895E6-51E7-4E43-BC84-C908F47E42FB}.Debug|Win32.Build.0 = Debug|Win32
		{734895E6-51E7-4E43-BC84-C908F47E42FB}.Release|Win32.ActiveCfg = Release|Win32
		{734895E6-51E7-4E43-BC84-C908F47E42FB}.Release|Win32.Build.0 = Release|Win32
	EndGlobalSection
	GlobalSection(SolutionProperties) = preSolution
		HideSolutionNode = FALSE
	EndGlobalSection
EndGlobal
